
Microsoft Visual Studio Solution File, Format Version 12.00
# Visual Studio Version 17
VisualStudioVersion = 17.11.35312.102
MinimumVisualStudioVersion = 10.0.40219.1
Project("{FAE04EC0-301F-11D3-BF4B-00C04F79EFBC}") = "Assignment_Part5", "Assignment_Part5\Assignment_Part5.csproj", "{D59D5A43-2E99-4294-B88B-B47BF5B9AE49}"
EndProject
Global
	GlobalSection(SolutionConfigurationPlatforms) = preSolution
		Debug|Any CPU = Debug|Any CPU
		Release|Any CPU = Release|Any CPU
	EndGlobalSection
	GlobalSection(ProjectConfigurationPlatforms) = postSolution
		{D59D5A43-2E99-4294-B88B-B47BF5B9AE49}.Debug|Any CPU.ActiveCfg = Debug|Any CPU
		{D59D5A43-2E99-4294-B88B-B47BF5B9AE49}.Debug|Any CPU.Build.0 = Debug|Any CPU
		{D59D5A43-2E99-4294-B88B-B47BF5B9AE49}.Release|Any CPU.ActiveCfg = Release|Any CPU
		{D59D5A43-2E99-4294-B88B-B47BF5B9AE49}.Release|Any CPU.Build.0 = Release|Any CPU
	EndGlobalSection
	GlobalSection(SolutionProperties) = preSolution
		HideSolutionNode = FALSE
	EndGlobalSection
	GlobalSection(ExtensibilityGlobals) = postSolution
		SolutionGuid = {CFB938F4-0A7D-4F4F-A871-AD4716FA0832}
	EndGlobalSection
EndGlobal
